// !$*UTF8*$!
{
	archiveVersion = 1;
	classes = {
	};
	objectVersion = 56;
	objects = {

/* Begin PBXBuildFile section */
		293D224E3670E2FB27AC0E80 /* Pods_Chatify.framework in Frameworks */ = {isa = PBXBuildFile; fileRef = 7C8E744602FC099A44EAF285 /* Pods_Chatify.framework */; };
		94142B102C7A22F1002C38BF /* AppDelegate.swift in Sources */ = {isa = PBXBuildFile; fileRef = 94142B0F2C7A22F1002C38BF /* AppDelegate.swift */; };
		94142B122C7A22F1002C38BF /* SceneDelegate.swift in Sources */ = {isa = PBXBuildFile; fileRef = 94142B112C7A22F1002C38BF /* SceneDelegate.swift */; };
		94142B142C7A22F1002C38BF /* LoginViewController.swift in Sources */ = {isa = PBXBuildFile; fileRef = 94142B132C7A22F1002C38BF /* LoginViewController.swift */; };
		94142B172C7A22F1002C38BF /* Base in Resources */ = {isa = PBXBuildFile; fileRef = 94142B162C7A22F1002C38BF /* Base */; };
		94142B1A2C7A22F1002C38BF /* Chatify.xcdatamodeld in Sources */ = {isa = PBXBuildFile; fileRef = 94142B182C7A22F1002C38BF /* Chatify.xcdatamodeld */; };
		94142B1C2C7A22F2002C38BF /* Assets.xcassets in Resources */ = {isa = PBXBuildFile; fileRef = 94142B1B2C7A22F2002C38BF /* Assets.xcassets */; };
		94142B1F2C7A22F2002C38BF /* Base in Resources */ = {isa = PBXBuildFile; fileRef = 94142B1E2C7A22F2002C38BF /* Base */; };
		94142B2C2C7A4856002C38BF /* RegisterViewController.swift in Sources */ = {isa = PBXBuildFile; fileRef = 94142B2B2C7A4856002C38BF /* RegisterViewController.swift */; };
		94142B2E2C7A491E002C38BF /* ChatViewController.swift in Sources */ = {isa = PBXBuildFile; fileRef = 94142B2D2C7A491E002C38BF /* ChatViewController.swift */; };
		94142B302C7A4963002C38BF /* WelcomeViewController.swift in Sources */ = {isa = PBXBuildFile; fileRef = 94142B2F2C7A4963002C38BF /* WelcomeViewController.swift */; };
/* End PBXBuildFile section */

/* Begin PBXFileReference section */
		62C0C3B87BC0E52C9C113D91 /* Pods-Chatify.release.xcconfig */ = {isa = PBXFileReference; includeInIndex = 1; lastKnownFileType = text.xcconfig; name = "Pods-Chatify.release.xcconfig"; path = "Target Support Files/Pods-Chatify/Pods-Chatify.release.xcconfig"; sourceTree = "<group>"; };
		7C8E744602FC099A44EAF285 /* Pods_Chatify.framework */ = {isa = PBXFileReference; explicitFileType = wrapper.framework; includeInIndex = 0; path = Pods_Chatify.framework; sourceTree = BUILT_PRODUCTS_DIR; };
		94142B0C2C7A22F1002C38BF /* Chatify.app */ = {isa = PBXFileReference; explicitFileType = wrapper.application; includeInIndex = 0; path = Chatify.app; sourceTree = BUILT_PRODUCTS_DIR; };
		94142B0F2C7A22F1002C38BF /* AppDelegate.swift */ = {isa = PBXFileReference; lastKnownFileType = sourcecode.swift; path = AppDelegate.swift; sourceTree = "<group>"; };
		94142B112C7A22F1002C38BF /* SceneDelegate.swift */ = {isa = PBXFileReference; lastKnownFileType = sourcecode.swift; path = SceneDelegate.swift; sourceTree = "<group>"; };
		94142B132C7A22F1002C38BF /* LoginViewController.swift */ = {isa = PBXFileReference; lastKnownFileType = sourcecode.swift; path = LoginViewController.swift; sourceTree = "<group>"; };
		94142B162C7A22F1002C38BF /* Base */ = {isa = PBXFileReference; lastKnownFileType = file.storyboard; name = Base; path = Base.lproj/Main.storyboard; sourceTree = "<group>"; };
		94142B192C7A22F1002C38BF /* Chatify.xcdatamodel */ = {isa = PBXFileReference; lastKnownFileType = wrapper.xcdatamodel; path = Chatify.xcdatamodel; sourceTree = "<group>"; };
		94142B1B2C7A22F2002C38BF /* Assets.xcassets */ = {isa = PBXFileReference; lastKnownFileType = folder.assetcatalog; path = Assets.xcassets; sourceTree = "<group>"; };
		94142B1E2C7A22F2002C38BF /* Base */ = {isa = PBXFileReference; lastKnownFileType = file.storyboard; name = Base; path = Base.lproj/LaunchScreen.storyboard; sourceTree = "<group>"; };
		94142B202C7A22F2002C38BF /* Info.plist */ = {isa = PBXFileReference; lastKnownFileType = text.plist.xml; path = Info.plist; sourceTree = "<group>"; };
		94142B2B2C7A4856002C38BF /* RegisterViewController.swift */ = {isa = PBXFileReference; lastKnownFileType = sourcecode.swift; path = RegisterViewController.swift; sourceTree = "<group>"; };
		94142B2D2C7A491E002C38BF /* ChatViewController.swift */ = {isa = PBXFileReference; lastKnownFileType = sourcecode.swift; path = ChatViewController.swift; sourceTree = "<group>"; };
		94142B2F2C7A4963002C38BF /* WelcomeViewController.swift */ = {isa = PBXFileReference; lastKnownFileType = sourcecode.swift; path = WelcomeViewController.swift; sourceTree = "<group>"; };
		DFACC831AF43944753E3C516 /* Pods-Chatify.debug.xcconfig */ = {isa = PBXFileReference; includeInIndex = 1; lastKnownFileType = text.xcconfig; name = "Pods-Chatify.debug.xcconfig"; path = "Target Support Files/Pods-Chatify/Pods-Chatify.debug.xcconfig"; sourceTree = "<group>"; };
/* End PBXFileReference section */

/* Begin PBXFrameworksBuildPhase section */
		94142B092C7A22F1002C38BF /* Frameworks */ = {
			isa = PBXFrameworksBuildPhase;
			buildActionMask = 2147483647;
			files = (
				293D224E3670E2FB27AC0E80 /* Pods_Chatify.framework in Frameworks */,
			);
			runOnlyForDeploymentPostprocessing = 0;
		};
/* End PBXFrameworksBuildPhase section */

/* Begin PBXGroup section */
		94142B032C7A22F1002C38BF = {
			isa = PBXGroup;
			children = (
				94142B0E2C7A22F1002C38BF /* Chatify */,
				94142B0D2C7A22F1002C38BF /* Products */,
				E73A7E3EBA37760EF386CC5D /* Pods */,
				D3398372B30C1B712322FDDA /* Frameworks */,
			);
			sourceTree = "<group>";
		};
		94142B0D2C7A22F1002C38BF /* Products */ = {
			isa = PBXGroup;
			children = (
				94142B0C2C7A22F1002C38BF /* Chatify.app */,
			);
			name = Products;
			sourceTree = "<group>";
		};
		94142B0E2C7A22F1002C38BF /* Chatify */ = {
			isa = PBXGroup;
			children = (
				94142B0F2C7A22F1002C38BF /* AppDelegate.swift */,
				94142B112C7A22F1002C38BF /* SceneDelegate.swift */,
				94142B272C7A4692002C38BF /* View */,
				94142B262C7A468A002C38BF /* Controller */,
				94142B1B2C7A22F2002C38BF /* Assets.xcassets */,
				94142B1D2C7A22F2002C38BF /* LaunchScreen.storyboard */,
				94142B202C7A22F2002C38BF /* Info.plist */,
				94142B182C7A22F1002C38BF /* Chatify.xcdatamodeld */,
			);
			path = Chatify;
			sourceTree = "<group>";
		};
		94142B262C7A468A002C38BF /* Controller */ = {
			isa = PBXGroup;
			children = (
				94142B2F2C7A4963002C38BF /* WelcomeViewController.swift */,
				94142B2B2C7A4856002C38BF /* RegisterViewController.swift */,
				94142B132C7A22F1002C38BF /* LoginViewController.swift */,
				94142B2D2C7A491E002C38BF /* ChatViewController.swift */,
			);
			path = Controller;
			sourceTree = "<group>";
		};
		94142B272C7A4692002C38BF /* View */ = {
			isa = PBXGroup;
			children = (
				94142B152C7A22F1002C38BF /* Main.storyboard */,
			);
			path = View;
			sourceTree = "<group>";
		};
		D3398372B30C1B712322FDDA /* Frameworks */ = {
			isa = PBXGroup;
			children = (
				7C8E744602FC099A44EAF285 /* Pods_Chatify.framework */,
			);
			name = Frameworks;
			sourceTree = "<group>";
		};
		E73A7E3EBA37760EF386CC5D /* Pods */ = {
			isa = PBXGroup;
			children = (
				DFACC831AF43944753E3C516 /* Pods-Chatify.debug.xcconfig */,
				62C0C3B87BC0E52C9C113D91 /* Pods-Chatify.release.xcconfig */,
			);
			path = Pods;
			sourceTree = "<group>";
		};
/* End PBXGroup section */

/* Begin PBXNativeTarget section */
		94142B0B2C7A22F1002C38BF /* Chatify */ = {
			isa = PBXNativeTarget;
			buildConfigurationList = 94142B232C7A22F2002C38BF /* Build configuration list for PBXNativeTarget "Chatify" */;
			buildPhases = (
				46DB0F83A16089D6BD593BC0 /* [CP] Check Pods Manifest.lock */,
				94142B082C7A22F1002C38BF /* Sources */,
				94142B092C7A22F1002C38BF /* Frameworks */,
				94142B0A2C7A22F1002C38BF /* Resources */,
				5D49F6218CAA935EB78659B5 /* [CP] Embed Pods Frameworks */,
			);
			buildRules = (
			);
			dependencies = (
			);
			name = Chatify;
			productName = Chatify;
			productReference = 94142B0C2C7A22F1002C38BF /* Chatify.app */;
			productType = "com.apple.product-type.application";
		};
/* End PBXNativeTarget section */

/* Begin PBXProject section */
		94142B042C7A22F1002C38BF /* Project object */ = {
			isa = PBXProject;
			attributes = {
				BuildIndependentTargetsInParallel = 1;
				LastSwiftUpdateCheck = 1540;
				LastUpgradeCheck = 1540;
				TargetAttributes = {
					94142B0B2C7A22F1002C38BF = {
						CreatedOnToolsVersion = 15.4;
					};
				};
			};
			buildConfigurationList = 94142B072C7A22F1002C38BF /* Build configuration list for PBXProject "Chatify" */;
			compatibilityVersion = "Xcode 14.0";
			developmentRegion = en;
			hasScannedForEncodings = 0;
			knownRegions = (
				en,
				Base,
			);
			mainGroup = 94142B032C7A22F1002C38BF;
			productRefGroup = 94142B0D2C7A22F1002C38BF /* Products */;
			projectDirPath = "";
			projectRoot = "";
			targets = (
				94142B0B2C7A22F1002C38BF /* Chatify */,
			);
		};
/* End PBXProject section */

/* Begin PBXResourcesBuildPhase section */
		94142B0A2C7A22F1002C38BF /* Resources */ = {
			isa = PBXResourcesBuildPhase;
			buildActionMask = 2147483647;
			files = (
				94142B1C2C7A22F2002C38BF /* Assets.xcassets in Resources */,
				94142B1F2C7A22F2002C38BF /* Base in Resources */,
				94142B172C7A22F1002C38BF /* Base in Resources */,
			);
			runOnlyForDeploymentPostprocessing = 0;
		};
/* End PBXResourcesBuildPhase section */

/* Begin PBXShellScriptBuildPhase section */
		46DB0F83A16089D6BD593BC0 /* [CP] Check Pods Manifest.lock */ = {
			isa = PBXShellScriptBuildPhase;
			buildActionMask = 2147483647;
			files = (
			);
			inputFileListPaths = (
			);
			inputPaths = (
				"${PODS_PODFILE_DIR_PATH}/Podfile.lock",
				"${PODS_ROOT}/Manifest.lock",
			);
			name = "[CP] Check Pods Manifest.lock";
			outputFileListPaths = (
			);
			outputPaths = (
				"$(DERIVED_FILE_DIR)/Pods-Chatify-checkManifestLockResult.txt",
			);
			runOnlyForDeploymentPostprocessing = 0;
			shellPath = /bin/sh;
			shellScript = "diff \"${PODS_PODFILE_DIR_PATH}/Podfile.lock\" \"${PODS_ROOT}/Manifest.lock\" > /dev/null\nif [ $? != 0 ] ; then\n    # print error to STDERR\n    echo \"error: The sandbox is not in sync with the Podfile.lock. Run 'pod install' or update your CocoaPods installation.\" >&2\n    exit 1\nfi\n# This output is used by Xcode 'outputs' to avoid re-running this script phase.\necho \"SUCCESS\" > \"${SCRIPT_OUTPUT_FILE_0}\"\n";
			showEnvVarsInLog = 0;
		};
		5D49F6218CAA935EB78659B5 /* [CP] Embed Pods Frameworks */ = {
			isa = PBXShellScriptBuildPhase;
			buildActionMask = 2147483647;
			files = (
			);
			inputFileListPaths = (
				"${PODS_ROOT}/Target Support Files/Pods-Chatify/Pods-Chatify-frameworks-${CONFIGURATION}-input-files.xcfilelist",
			);
			name = "[CP] Embed Pods Frameworks";
			outputFileListPaths = (
				"${PODS_ROOT}/Target Support Files/Pods-Chatify/Pods-Chatify-frameworks-${CONFIGURATION}-output-files.xcfilelist",
			);
			runOnlyForDeploymentPostprocessing = 0;
			shellPath = /bin/sh;
			shellScript = "\"${PODS_ROOT}/Target Support Files/Pods-Chatify/Pods-Chatify-frameworks.sh\"\n";
			showEnvVarsInLog = 0;
		};
/* End PBXShellScriptBuildPhase section */

/* Begin PBXSourcesBuildPhase section */
		94142B082C7A22F1002C38BF /* Sources */ = {
			isa = PBXSourcesBuildPhase;
			buildActionMask = 2147483647;
			files = (
				94142B1A2C7A22F1002C38BF /* Chatify.xcdatamodeld in Sources */,
				94142B2C2C7A4856002C38BF /* RegisterViewController.swift in Sources */,
				94142B142C7A22F1002C38BF /* LoginViewController.swift in Sources */,
				94142B102C7A22F1002C38BF /* AppDelegate.swift in Sources */,
				94142B2E2C7A491E002C38BF /* ChatViewController.swift in Sources */,
				94142B122C7A22F1002C38BF /* SceneDelegate.swift in Sources */,
				94142B302C7A4963002C38BF /* WelcomeViewController.swift in Sources */,
			);
			runOnlyForDeploymentPostprocessing = 0;
		};
/* End PBXSourcesBuildPhase section */

/* Begin PBXVariantGroup section */
		94142B152C7A22F1002C38BF /* Main.storyboard */ = {
			isa = PBXVariantGroup;
			children = (
				94142B162C7A22F1002C38BF /* Base */,
			);
			name = Main.storyboard;
			sourceTree = "<group>";
		};
		94142B1D2C7A22F2002C38BF /* LaunchScreen.storyboard */ = {
			isa = PBXVariantGroup;
			children = (
				94142B1E2C7A22F2002C38BF /* Base */,
			);
			name = LaunchScreen.storyboard;
			sourceTree = "<group>";
		};
/* End PBXVariantGroup section */

/* Begin XCBuildConfiguration section */
		94142B212C7A22F2002C38BF /* Debug */ = {
			isa = XCBuildConfiguration;
			buildSettings = {
				ALWAYS_SEARCH_USER_PATHS = NO;
				ASSETCATALOG_COMPILER_GENERATE_SWIFT_ASSET_SYMBOL_EXTENSIONS = YES;
				CLANG_ANALYZER_NONNULL = YES;
				CLANG_ANALYZER_NUMBER_OBJECT_CONVERSION = YES_AGGRESSIVE;
				CLANG_CXX_LANGUAGE_STANDARD = "gnu++20";
				CLANG_ENABLE_MODULES = YES;
				CLANG_ENABLE_OBJC_ARC = YES;
				CLANG_ENABLE_OBJC_WEAK = YES;
				CLANG_WARN_BLOCK_CAPTURE_AUTORELEASING = YES;
				CLANG_WARN_BOOL_CONVERSION = YES;
				CLANG_WARN_COMMA = YES;
				CLANG_WARN_CONSTANT_CONVERSION = YES;
				CLANG_WARN_DEPRECATED_OBJC_IMPLEMENTATIONS = YES;
				CLANG_WARN_DIRECT_OBJC_ISA_USAGE = YES_ERROR;
				CLANG_WARN_DOCUMENTATION_COMMENTS = YES;
				CLANG_WARN_EMPTY_BODY = YES;
				CLANG_WARN_ENUM_CONVERSION = YES;
				CLANG_WARN_INFINITE_RECURSION = YES;
				CLANG_WARN_INT_CONVERSION = YES;
				CLANG_WARN_NON_LITERAL_NULL_CONVERSION = YES;
				CLANG_WARN_OBJC_IMPLICIT_RETAIN_SELF = YES;
				CLANG_WARN_OBJC_LITERAL_CONVERSION = YES;
				CLANG_WARN_OBJC_ROOT_CLASS = YES_ERROR;
				CLANG_WARN_QUOTED_INCLUDE_IN_FRAMEWORK_HEADER = YES;
				CLANG_WARN_RANGE_LOOP_ANALYSIS = YES;
				CLANG_WARN_STRICT_PROTOTYPES = YES;
				CLANG_WARN_SUSPICIOUS_MOVE = YES;
				CLANG_WARN_UNGUARDED_AVAILABILITY = YES_AGGRESSIVE;
				CLANG_WARN_UNREACHABLE_CODE = YES;
				CLANG_WARN__DUPLICATE_METHOD_MATCH = YES;
				COPY_PHASE_STRIP = NO;
				DEBUG_INFORMATION_FORMAT = dwarf;
				ENABLE_STRICT_OBJC_MSGSEND = YES;
				ENABLE_TESTABILITY = YES;
				ENABLE_USER_SCRIPT_SANDBOXING = NO;
				GCC_C_LANGUAGE_STANDARD = gnu17;
				GCC_DYNAMIC_NO_PIC = NO;
				GCC_NO_COMMON_BLOCKS = YES;
				GCC_OPTIMIZATION_LEVEL = 0;
				GCC_PREPROCESSOR_DEFINITIONS = (
					"DEBUG=1",
					"$(inherited)",
				);
				GCC_WARN_64_TO_32_BIT_CONVERSION = YES;
				GCC_WARN_ABOUT_RETURN_TYPE = YES_ERROR;
				GCC_WARN_UNDECLARED_SELECTOR = YES;
				GCC_WARN_UNINITIALIZED_AUTOS = YES_AGGRESSIVE;
				GCC_WARN_UNUSED_FUNCTION = YES;
				GCC_WARN_UNUSED_VARIABLE = YES;
				IPHONEOS_DEPLOYMENT_TARGET = 17.5;
				LOCALIZATION_PREFERS_STRING_CATALOGS = YES;
				MTL_ENABLE_DEBUG_INFO = INCLUDE_SOURCE;
				MTL_FAST_MATH = YES;
				ONLY_ACTIVE_ARCH = YES;
				SDKROOT = iphoneos;
				SWIFT_ACTIVE_COMPILATION_CONDITIONS = "DEBUG $(inherited)";
				SWIFT_OPTIMIZATION_LEVEL = "-Onone";
			};
			name = Debug;
		};
		94142B222C7A22F2002C38BF /* Release */ = {
			isa = XCBuildConfiguration;
			buildSettings = {
				ALWAYS_SEARCH_USER_PATHS = NO;
				ASSETCATALOG_COMPILER_GENERATE_SWIFT_ASSET_SYMBOL_EXTENSIONS = YES;
				CLANG_ANALYZER_NONNULL = YES;
				CLANG_ANALYZER_NUMBER_OBJECT_CONVERSION = YES_AGGRESSIVE;
				CLANG_CXX_LANGUAGE_STANDARD = "gnu++20";
				CLANG_ENABLE_MODULES = YES;
				CLANG_ENABLE_OBJC_ARC = YES;
				CLANG_ENABLE_OBJC_WEAK = YES;
				CLANG_WARN_BLOCK_CAPTURE_AUTORELEASING = YES;
				CLANG_WARN_BOOL_CONVERSION = YES;
				CLANG_WARN_COMMA = YES;
				CLANG_WARN_CONSTANT_CONVERSION = YES;
				CLANG_WARN_DEPRECATED_OBJC_IMPLEMENTATIONS = YES;
				CLANG_WARN_DIRECT_OBJC_ISA_USAGE = YES_ERROR;
				CLANG_WARN_DOCUMENTATION_COMMENTS = YES;
				CLANG_WARN_EMPTY_BODY = YES;
				CLANG_WARN_ENUM_CONVERSION = YES;
				CLANG_WARN_INFINITE_RECURSION = YES;
				CLANG_WARN_INT_CONVERSION = YES;
				CLANG_WARN_NON_LITERAL_NULL_CONVERSION = YES;
				CLANG_WARN_OBJC_IMPLICIT_RETAIN_SELF = YES;
				CLANG_WARN_OBJC_LITERAL_CONVERSION = YES;
				CLANG_WARN_OBJC_ROOT_CLASS = YES_ERROR;
				CLANG_WARN_QUOTED_INCLUDE_IN_FRAMEWORK_HEADER = YES;
				CLANG_WARN_RANGE_LOOP_ANALYSIS = YES;
				CLANG_WARN_STRICT_PROTOTYPES = YES;
				CLANG_WARN_SUSPICIOUS_MOVE = YES;
				CLANG_WARN_UNGUARDED_AVAILABILITY = YES_AGGRESSIVE;
				CLANG_WARN_UNREACHABLE_CODE = YES;
				CLANG_WARN__DUPLICATE_METHOD_MATCH = YES;
				COPY_PHASE_STRIP = NO;
				DEBUG_INFORMATION_FORMAT = "dwarf-with-dsym";
				ENABLE_NS_ASSERTIONS = NO;
				ENABLE_STRICT_OBJC_MSGSEND = YES;
				ENABLE_USER_SCRIPT_SANDBOXING = NO;
				GCC_C_LANGUAGE_STANDARD = gnu17;
				GCC_NO_COMMON_BLOCKS = YES;
				GCC_WARN_64_TO_32_BIT_CONVERSION = YES;
				GCC_WARN_ABOUT_RETURN_TYPE = YES_ERROR;
				GCC_WARN_UNDECLARED_SELECTOR = YES;
				GCC_WARN_UNINITIALIZED_AUTOS = YES_AGGRESSIVE;
				GCC_WARN_UNUSED_FUNCTION = YES;
				GCC_WARN_UNUSED_VARIABLE = YES;
				IPHONEOS_DEPLOYMENT_TARGET = 17.5;
				LOCALIZATION_PREFERS_STRING_CATALOGS = YES;
				MTL_ENABLE_DEBUG_INFO = NO;
				MTL_FAST_MATH = YES;
				SDKROOT = iphoneos;
				SWIFT_COMPILATION_MODE = wholemodule;
				VALIDATE_PRODUCT = YES;
			};
			name = Release;
		};
		94142B242C7A22F2002C38BF /* Debug */ = {
			isa = XCBuildConfiguration;
			baseConfigurationReference = DFACC831AF43944753E3C516 /* Pods-Chatify.debug.xcconfig */;
			buildSettings = {
				ASSETCATALOG_COMPILER_APPICON_NAME = AppIcon;
				ASSETCATALOG_COMPILER_GLOBAL_ACCENT_COLOR_NAME = AccentColor;
				CODE_SIGN_STYLE = Automatic;
				CURRENT_PROJECT_VERSION = 1;
				DEVELOPMENT_TEAM = BWCFA5MJHF;
				GENERATE_INFOPLIST_FILE = YES;
				INFOPLIST_FILE = Chatify/Info.plist;
				INFOPLIST_KEY_UIApplicationSupportsIndirectInputEvents = YES;
				INFOPLIST_KEY_UILaunchStoryboardName = LaunchScreen;
				INFOPLIST_KEY_UIMainStoryboardFile = Main;
				INFOPLIST_KEY_UISupportedInterfaceOrientations_iPad = "UIInterfaceOrientationPortrait UIInterfaceOrientationPortraitUpsideDown UIInterfaceOrientationLandscapeLeft UIInterfaceOrientationLandscapeRight";
				INFOPLIST_KEY_UISupportedInterfaceOrientations_iPhone = "UIInterfaceOrientationPortrait UIInterfaceOrientationLandscapeLeft UIInterfaceOrientationLandscapeRight";
				LD_RUNPATH_SEARCH_PATHS = (
					"$(inherited)",
					"@executable_path/Frameworks",
				);
				MARKETING_VERSION = 1.0;
				PRODUCT_BUNDLE_IDENTIFIER = com.samedkarakus.Chatify;
				PRODUCT_NAME = "$(TARGET_NAME)";
				SWIFT_EMIT_LOC_STRINGS = YES;
				SWIFT_VERSION = 5.0;
				TARGETED_DEVICE_FAMILY = "1,2";
			};
			name = Debug;
		};
		94142B252C7A22F2002C38BF /* Release */ = {
			isa = XCBuildConfiguration;
			baseConfigurationReference = 62C0C3B87BC0E52C9C113D91 /* Pods-Chatify.release.xcconfig */;
			buildSettings = {
				ASSETCATALOG_COMPILER_APPICON_NAME = AppIcon;
				ASSETCATALOG_COMPILER_GLOBAL_ACCENT_COLOR_NAME = AccentColor;
				CODE_SIGN_STYLE = Automatic;
				CURRENT_PROJECT_VERSION = 1;
				DEVELOPMENT_TEAM = BWCFA5MJHF;
				GENERATE_INFOPLIST_FILE = YES;
				INFOPLIST_FILE = Chatify/Info.plist;
				INFOPLIST_KEY_UIApplicationSupportsIndirectInputEvents = YES;
				INFOPLIST_KEY_UILaunchStoryboardName = LaunchScreen;
				INFOPLIST_KEY_UIMainStoryboardFile = Main;
				INFOPLIST_KEY_UISupportedInterfaceOrientations_iPad = "UIInterfaceOrientationPortrait UIInterfaceOrientationPortraitUpsideDown UIInterfaceOrientationLandscapeLeft UIInterfaceOrientationLandscapeRight";
				INFOPLIST_KEY_UISupportedInterfaceOrientations_iPhone = "UIInterfaceOrientationPortrait UIInterfaceOrientationLandscapeLeft UIInterfaceOrientationLandscapeRight";
				LD_RUNPATH_SEARCH_PATHS = (
					"$(inherited)",
					"@executable_path/Frameworks",
				);
				MARKETING_VERSION = 1.0;
				PRODUCT_BUNDLE_IDENTIFIER = com.samedkarakus.Chatify;
				PRODUCT_NAME = "$(TARGET_NAME)";
				SWIFT_EMIT_LOC_STRINGS = YES;
				SWIFT_VERSION = 5.0;
				TARGETED_DEVICE_FAMILY = "1,2";
			};
			name = Release;
		};
/* End XCBuildConfiguration section */

/* Begin XCConfigurationList section */
		94142B072C7A22F1002C38BF /* Build configuration list for PBXProject "Chatify" */ = {
			isa = XCConfigurationList;
			buildConfigurations = (
				94142B212C7A22F2002C38BF /* Debug */,
				94142B222C7A22F2002C38BF /* Release */,
			);
			defaultConfigurationIsVisible = 0;
			defaultConfigurationName = Release;
		};
		94142B232C7A22F2002C38BF /* Build configuration list for PBXNativeTarget "Chatify" */ = {
			isa = XCConfigurationList;
			buildConfigurations = (
				94142B242C7A22F2002C38BF /* Debug */,
				94142B252C7A22F2002C38BF /* Release */,
			);
			defaultConfigurationIsVisible = 0;
			defaultConfigurationName = Release;
		};
/* End XCConfigurationList section */

/* Begin XCVersionGroup section */
		94142B182C7A22F1002C38BF /* Chatify.xcdatamodeld */ = {
			isa = XCVersionGroup;
			children = (
				94142B192C7A22F1002C38BF /* Chatify.xcdatamodel */,
			);
			currentVersion = 94142B192C7A22F1002C38BF /* Chatify.xcdatamodel */;
			path = Chatify.xcdatamodeld;
			sourceTree = "<group>";
			versionGroupType = wrapper.xcdatamodel;
		};
/* End XCVersionGroup section */
	};
	rootObject = 94142B042C7A22F1002C38BF /* Project object */;
}
